
Microsoft Visual Studio Solution File, Format Version 12.00
# Visual Studio Version 17
VisualStudioVersion = 17.9.34607.119
MinimumVisualStudioVersion = 10.0.40219.1
Project("{FAE04EC0-301F-11D3-BF4B-00C04F79EFBC}") = "MeowLab", "MeowLab.csproj", "{889EBD86-3A61-4DCF-9607-91277DB48EAC}"
EndProject
Global
	GlobalSection(SolutionConfigurationPlatforms) = preSolution
		Debug|Any CPU = Debug|Any CPU
		Release|Any CPU = Release|Any CPU
	EndGlobalSection
	GlobalSection(ProjectConfigurationPlatforms) = postSolution
		{889EBD86-3A61-4DCF-9607-91277DB48EAC}.Debug|Any CPU.ActiveCfg = Debug|Any CPU
		{889EBD86-3A61-4DCF-9607-91277DB48EAC}.Debug|Any CPU.Build.0 = Debug|Any CPU
		{889EBD86-3A61-4DCF-9607-91277DB48EAC}.Release|Any CPU.ActiveCfg = Release|Any CPU
		{889EBD86-3A61-4DCF-9607-91277DB48EAC}.Release|Any CPU.Build.0 = Release|Any CPU
	EndGlobalSection
	GlobalSection(SolutionProperties) = preSolution
		HideSolutionNode = FALSE
	EndGlobalSection
	GlobalSection(ExtensibilityGlobals) = postSolution
		SolutionGuid = {83A581A2-2003-45FB-ACC9-F55EBD41CFFA}
	EndGlobalSection
EndGlobal
